
Microsoft Visual Studio Solution File, Format Version 12.00
Project("{FAE04EC0-301F-11D3-BF4B-00C04F79EFBC}") = "Chirp.CLI", "src\Chirp.CLI\Chirp.CLI.csproj", "{22DF634B-A548-4B36-AE0E-1F57E256D9A6}"
EndProject
Project("{FAE04EC0-301F-11D3-BF4B-00C04F79EFBC}") = "SimpleDB", "src\SimpleDB\SimpleDB.csproj", "{0DE9DD3B-6200-446C-A233-226D5883890B}"
EndProject
Project("{2150E333-8FDC-42A3-9474-1A3956D46DE8}") = "test", "test", "{644BC1BD-28EA-488A-8724-6977DB862C35}"
EndProject
Project("{FAE04EC0-301F-11D3-BF4B-00C04F79EFBC}") = "Chirp.CLI.Client.Tests", "test\Chirp.CLI.Client.Tests\Chirp.CLI.Client.Tests.csproj", "{9E78F336-409D-461C-9903-A1307AABFE79}"
EndProject
Project("{2150E333-8FDC-42A3-9474-1A3956D46DE8}") = "src", "src", "{542B9611-939C-4D45-926A-D9278072CAE6}"
EndProject
Project("{FAE04EC0-301F-11D3-BF4B-00C04F79EFBC}") = "Chirp.WebService", "src\Chirp.WebService\Chirp.WebService.csproj", "{00E4E89C-BDB8-44E8-A706-52C2E023B688}"
EndProject
Project("{FAE04EC0-301F-11D3-BF4B-00C04F79EFBC}") = "Chirp.Core", "src\Chirp.Core\Chirp.Core.csproj", "{08580F4F-5BDC-4FB2-9643-6D3961420F6A}"
EndProject
Project("{FAE04EC0-301F-11D3-BF4B-00C04F79EFBC}") = "Chirp.Razor", "src\Chirp.Razor\Chirp.Razor.csproj", "{4AC12AA0-98AC-4460-92CF-653AC50AA7D8}"
EndProject
Project("{FAE04EC0-301F-11D3-BF4B-00C04F79EFBC}") = "Chirp.CSVDB.Tests", "test\Chirp.CSVDB.Tests\Chirp.CSVDB.Tests.csproj", "{15B8EB73-474B-4FBF-8E4B-0A2B8AB2906F}"
EndProject
Project("{FAE04EC0-301F-11D3-BF4B-00C04F79EFBC}") = "Chirp.Razor.Tests", "test\Chirp.Razor.Tests\Chirp.Razor.Tests.csproj", "{1727E89E-B954-4EB7-8E5A-B9C1D67CA8CD}"
EndProject
Global
	GlobalSection(SolutionConfigurationPlatforms) = preSolution
		Debug|Any CPU = Debug|Any CPU
		Release|Any CPU = Release|Any CPU
	EndGlobalSection
	GlobalSection(ProjectConfigurationPlatforms) = postSolution
		{4AC12AA0-98AC-4460-92CF-653AC50AA7D8}.Debug|Any CPU.ActiveCfg = Debug|Any CPU
		{4AC12AA0-98AC-4460-92CF-653AC50AA7D8}.Debug|Any CPU.Build.0 = Debug|Any CPU
		{15B8EB73-474B-4FBF-8E4B-0A2B8AB2906F}.Debug|Any CPU.ActiveCfg = Debug|Any CPU
		{15B8EB73-474B-4FBF-8E4B-0A2B8AB2906F}.Debug|Any CPU.Build.0 = Debug|Any CPU
		{15B8EB73-474B-4FBF-8E4B-0A2B8AB2906F}.Release|Any CPU.ActiveCfg = Release|Any CPU
		{15B8EB73-474B-4FBF-8E4B-0A2B8AB2906F}.Release|Any CPU.Build.0 = Release|Any CPU
		{1727E89E-B954-4EB7-8E5A-B9C1D67CA8CD}.Debug|Any CPU.ActiveCfg = Debug|Any CPU
		{1727E89E-B954-4EB7-8E5A-B9C1D67CA8CD}.Debug|Any CPU.Build.0 = Debug|Any CPU
		{1727E89E-B954-4EB7-8E5A-B9C1D67CA8CD}.Release|Any CPU.ActiveCfg = Release|Any CPU
		{1727E89E-B954-4EB7-8E5A-B9C1D67CA8CD}.Release|Any CPU.Build.0 = Release|Any CPU
	EndGlobalSection
	GlobalSection(SolutionProperties) = preSolution
		HideSolutionNode = FALSE
	EndGlobalSection
	GlobalSection(NestedProjects) = preSolution
		{9E78F336-409D-461C-9903-A1307AABFE79} = {644BC1BD-28EA-488A-8724-6977DB862C35}
		{00E4E89C-BDB8-44E8-A706-52C2E023B688} = {542B9611-939C-4D45-926A-D9278072CAE6}
		{08580F4F-5BDC-4FB2-9643-6D3961420F6A} = {542B9611-939C-4D45-926A-D9278072CAE6}
		{4AC12AA0-98AC-4460-92CF-653AC50AA7D8} = {542B9611-939C-4D45-926A-D9278072CAE6}
		{15B8EB73-474B-4FBF-8E4B-0A2B8AB2906F} = {644BC1BD-28EA-488A-8724-6977DB862C35}
		{1727E89E-B954-4EB7-8E5A-B9C1D67CA8CD} = {644BC1BD-28EA-488A-8724-6977DB862C35}
	EndGlobalSection
EndGlobal
