
Microsoft Visual Studio Solution File, Format Version 12.00
# Visual Studio Version 17
VisualStudioVersion = 17.0.31903.59
MinimumVisualStudioVersion = 10.0.40219.1
Project("{2150E333-8FDC-42A3-9474-1A3956D46DE8}") = "src", "src", "{EC90A09E-8A91-434C-BFDA-74FBD7521B1C}"
EndProject
Project("{FAE04EC0-301F-11D3-BF4B-00C04F79EFBC}") = "Chirp.Razor", "src\Chirp.Razor\Chirp.Razor.csproj", "{4F175943-1F02-48A6-91A4-6ADDC51E56D9}"
EndProject
Project("{FAE04EC0-301F-11D3-BF4B-00C04F79EFBC}") = "Chirp.Core", "src\Chirp.Core\Chirp.Core.csproj", "{89F42A88-99BF-46A5-9FEB-8BAF0BCC0ECB}"
EndProject
Global
	GlobalSection(SolutionConfigurationPlatforms) = preSolution
		Debug|Any CPU = Debug|Any CPU
		Release|Any CPU = Release|Any CPU
	EndGlobalSection
	GlobalSection(SolutionProperties) = preSolution
		HideSolutionNode = FALSE
	EndGlobalSection
	GlobalSection(ProjectConfigurationPlatforms) = postSolution
		{4F175943-1F02-48A6-91A4-6ADDC51E56D9}.Debug|Any CPU.ActiveCfg = Debug|Any CPU
		{4F175943-1F02-48A6-91A4-6ADDC51E56D9}.Debug|Any CPU.Build.0 = Debug|Any CPU
		{4F175943-1F02-48A6-91A4-6ADDC51E56D9}.Release|Any CPU.ActiveCfg = Release|Any CPU
		{4F175943-1F02-48A6-91A4-6ADDC51E56D9}.Release|Any CPU.Build.0 = Release|Any CPU
		{89F42A88-99BF-46A5-9FEB-8BAF0BCC0ECB}.Debug|Any CPU.ActiveCfg = Debug|Any CPU
		{89F42A88-99BF-46A5-9FEB-8BAF0BCC0ECB}.Debug|Any CPU.Build.0 = Debug|Any CPU
		{89F42A88-99BF-46A5-9FEB-8BAF0BCC0ECB}.Release|Any CPU.ActiveCfg = Release|Any CPU
		{89F42A88-99BF-46A5-9FEB-8BAF0BCC0ECB}.Release|Any CPU.Build.0 = Release|Any CPU
	EndGlobalSection
	GlobalSection(NestedProjects) = preSolution
		{4F175943-1F02-48A6-91A4-6ADDC51E56D9} = {EC90A09E-8A91-434C-BFDA-74FBD7521B1C}
		{89F42A88-99BF-46A5-9FEB-8BAF0BCC0ECB} = {EC90A09E-8A91-434C-BFDA-74FBD7521B1C}
	EndGlobalSection
EndGlobal
